{
	"name": "@app-elements/dropdown",
	"version": "1.0.0",
	"lockfileVersion": 1,
	"requires": true,
	"dependencies": {
		"unistore": {
			"version": "3.1.0",
			"resolved": "https://registry.npmjs.org/unistore/-/unistore-3.1.0.tgz",
			"integrity": "sha512-odZJeaB7ZDu8pDLOIhUeB5ttcPL6ANtPCua/+rdO31XL++03/zfw6WoQz/tuyqzRhZezCEHT97aV0GJx4dvl6g=="
		}
	}
}
